
Microsoft Visual Studio Solution File, Format Version 12.00
# Visual Studio Version 17
VisualStudioVersion = 17.8.34408.163
MinimumVisualStudioVersion = 10.0.40219.1
Project("{FAE04EC0-301F-11D3-BF4B-00C04F79EFBC}") = "Ex_02", "Ex_02\Ex_02.csproj", "{D91692BF-133A-4DC9-BC29-EE790917899E}"
EndProject
Global
	GlobalSection(SolutionConfigurationPlatforms) = preSolution
		Debug|Any CPU = Debug|Any CPU
		Release|Any CPU = Release|Any CPU
	EndGlobalSection
	GlobalSection(ProjectConfigurationPlatforms) = postSolution
		{D91692BF-133A-4DC9-BC29-EE790917899E}.Debug|Any CPU.ActiveCfg = Debug|Any CPU
		{D91692BF-133A-4DC9-BC29-EE790917899E}.Debug|Any CPU.Build.0 = Debug|Any CPU
		{D91692BF-133A-4DC9-BC29-EE790917899E}.Release|Any CPU.ActiveCfg = Release|Any CPU
		{D91692BF-133A-4DC9-BC29-EE790917899E}.Release|Any CPU.Build.0 = Release|Any CPU
	EndGlobalSection
	GlobalSection(SolutionProperties) = preSolution
		HideSolutionNode = FALSE
	EndGlobalSection
	GlobalSection(ExtensibilityGlobals) = postSolution
		SolutionGuid = {8EF80295-B5D4-422F-9490-8EAC44EA6A1E}
	EndGlobalSection
EndGlobal
